
Microsoft Visual Studio Solution File, Format Version 12.00
# Visual Studio Version 17
VisualStudioVersion = 17.6.33801.468
MinimumVisualStudioVersion = 10.0.40219.1
Project("{FAE04EC0-301F-11D3-BF4B-00C04F79EFBC}") = "labclothingcollection", "labclothingcollection\labclothingcollection.csproj", "{1136C4EF-D34A-4E98-90AC-0234003621BC}"
EndProject
Global
	GlobalSection(SolutionConfigurationPlatforms) = preSolution
		Debug|Any CPU = Debug|Any CPU
		Release|Any CPU = Release|Any CPU
	EndGlobalSection
	GlobalSection(ProjectConfigurationPlatforms) = postSolution
		{1136C4EF-D34A-4E98-90AC-0234003621BC}.Debug|Any CPU.ActiveCfg = Debug|Any CPU
		{1136C4EF-D34A-4E98-90AC-0234003621BC}.Debug|Any CPU.Build.0 = Debug|Any CPU
		{1136C4EF-D34A-4E98-90AC-0234003621BC}.Release|Any CPU.ActiveCfg = Release|Any CPU
		{1136C4EF-D34A-4E98-90AC-0234003621BC}.Release|Any CPU.Build.0 = Release|Any CPU
	EndGlobalSection
	GlobalSection(SolutionProperties) = preSolution
		HideSolutionNode = FALSE
	EndGlobalSection
	GlobalSection(ExtensibilityGlobals) = postSolution
		SolutionGuid = {F0F6BA89-A5A6-4910-8CAC-B5594793395E}
	EndGlobalSection
EndGlobal
